// !$*UTF8*$!
{
	archiveVersion = 1;
	classes = {
	};
	objectVersion = 50;
	objects = {

/* Begin PBXBuildFile section */
		C7DCDED7235F704300C7FDAF /* AppDelegate.swift in Sources */ = {isa = PBXBuildFile; fileRef = C7DCDED6235F704300C7FDAF /* AppDelegate.swift */; };
		C7DCDED9235F704300C7FDAF /* ViewController.swift in Sources */ = {isa = PBXBuildFile; fileRef = C7DCDED8235F704300C7FDAF /* ViewController.swift */; };
		C7DCDEDC235F704300C7FDAF /* Main.storyboard in Resources */ = {isa = PBXBuildFile; fileRef = C7DCDEDA235F704300C7FDAF /* Main.storyboard */; };
		C7DCDEDE235F704400C7FDAF /* Assets.xcassets in Resources */ = {isa = PBXBuildFile; fileRef = C7DCDEDD235F704400C7FDAF /* Assets.xcassets */; };
		C7DCDEE1235F704400C7FDAF /* LaunchScreen.storyboard in Resources */ = {isa = PBXBuildFile; fileRef = C7DCDEDF235F704400C7FDAF /* LaunchScreen.storyboard */; };
		C7DCDEE9235F742D00C7FDAF /* Adivino.swift in Sources */ = {isa = PBXBuildFile; fileRef = C7DCDEE8235F742D00C7FDAF /* Adivino.swift */; };
/* End PBXBuildFile section */

/* Begin PBXFileReference section */
		C7DCDED3235F704300C7FDAF /* UAdivino.app */ = {isa = PBXFileReference; explicitFileType = wrapper.application; includeInIndex = 0; path = UAdivino.app; sourceTree = BUILT_PRODUCTS_DIR; };
		C7DCDED6235F704300C7FDAF /* AppDelegate.swift */ = {isa = PBXFileReference; lastKnownFileType = sourcecode.swift; path = AppDelegate.swift; sourceTree = "<group>"; };
		C7DCDED8235F704300C7FDAF /* ViewController.swift */ = {isa = PBXFileReference; lastKnownFileType = sourcecode.swift; path = ViewController.swift; sourceTree = "<group>"; };
		C7DCDEDB235F704300C7FDAF /* Base */ = {isa = PBXFileReference; lastKnownFileType = file.storyboard; name = Base; path = Base.lproj/Main.storyboard; sourceTree = "<group>"; };
		C7DCDEDD235F704400C7FDAF /* Assets.xcassets */ = {isa = PBXFileReference; lastKnownFileType = folder.assetcatalog; path = Assets.xcassets; sourceTree = "<group>"; };
		C7DCDEE0235F704400C7FDAF /* Base */ = {isa = PBXFileReference; lastKnownFileType = file.storyboard; name = Base; path = Base.lproj/LaunchScreen.storyboard; sourceTree = "<group>"; };
		C7DCDEE2235F704400C7FDAF /* Info.plist */ = {isa = PBXFileReference; lastKnownFileType = text.plist.xml; path = Info.plist; sourceTree = "<group>"; };
		C7DCDEE8235F742D00C7FDAF /* Adivino.swift */ = {isa = PBXFileReference; lastKnownFileType = sourcecode.swift; path = Adivino.swift; sourceTree = "<group>"; };
/* End PBXFileReference section */

/* Begin PBXFrameworksBuildPhase section */
		C7DCDED0235F704300C7FDAF /* Frameworks */ = {
			isa = PBXFrameworksBuildPhase;
			buildActionMask = 2147483647;
			files = (
			);
			runOnlyForDeploymentPostprocessing = 0;
		};
/* End PBXFrameworksBuildPhase section */

/* Begin PBXGroup section */
		C7DCDECA235F704300C7FDAF = {
			isa = PBXGroup;
			children = (
				C7DCDED5235F704300C7FDAF /* UAdivino */,
				C7DCDED4235F704300C7FDAF /* Products */,
			);
			sourceTree = "<group>";
		};
		C7DCDED4235F704300C7FDAF /* Products */ = {
			isa = PBXGroup;
			children = (
				C7DCDED3235F704300C7FDAF /* UAdivino.app */,
			);
			name = Products;
			sourceTree = "<group>";
		};
		C7DCDED5235F704300C7FDAF /* UAdivino */ = {
			isa = PBXGroup;
			children = (
				C7DCDED6235F704300C7FDAF /* AppDelegate.swift */,
				C7DCDED8235F704300C7FDAF /* ViewController.swift */,
				C7DCDEDA235F704300C7FDAF /* Main.storyboard */,
				C7DCDEDD235F704400C7FDAF /* Assets.xcassets */,
				C7DCDEDF235F704400C7FDAF /* LaunchScreen.storyboard */,
				C7DCDEE2235F704400C7FDAF /* Info.plist */,
				C7DCDEE8235F742D00C7FDAF /* Adivino.swift */,
			);
			path = UAdivino;
			sourceTree = "<group>";
		};
/* End PBXGroup section */

/* Begin PBXNativeTarget section */
		C7DCDED2235F704300C7FDAF /* UAdivino */ = {
			isa = PBXNativeTarget;
			buildConfigurationList = C7DCDEE5235F704400C7FDAF /* Build configuration list for PBXNativeTarget "UAdivino" */;
			buildPhases = (
				C7DCDECF235F704300C7FDAF /* Sources */,
				C7DCDED0235F704300C7FDAF /* Frameworks */,
				C7DCDED1235F704300C7FDAF /* Resources */,
			);
			buildRules = (
			);
			dependencies = (
			);
			name = UAdivino;
			productName = UAdivino;
			productReference = C7DCDED3235F704300C7FDAF /* UAdivino.app */;
			productType = "com.apple.product-type.application";
		};
/* End PBXNativeTarget section */

/* Begin PBXProject section */
		C7DCDECB235F704300C7FDAF /* Project object */ = {
			isa = PBXProject;
			attributes = {
				LastSwiftUpdateCheck = 1030;
				LastUpgradeCheck = 1030;
				ORGANIZATIONNAME = "Máster Móviles";
				TargetAttributes = {
					C7DCDED2235F704300C7FDAF = {
						CreatedOnToolsVersion = 10.3;
					};
				};
			};
			buildConfigurationList = C7DCDECE235F704300C7FDAF /* Build configuration list for PBXProject "UAdivino" */;
			compatibilityVersion = "Xcode 9.3";
			developmentRegion = en;
			hasScannedForEncodings = 0;
			knownRegions = (
				en,
				Base,
			);
			mainGroup = C7DCDECA235F704300C7FDAF;
			productRefGroup = C7DCDED4235F704300C7FDAF /* Products */;
			projectDirPath = "";
			projectRoot = "";
			targets = (
				C7DCDED2235F704300C7FDAF /* UAdivino */,
			);
		};
/* End PBXProject section */

/* Begin PBXResourcesBuildPhase section */
		C7DCDED1235F704300C7FDAF /* Resources */ = {
			isa = PBXResourcesBuildPhase;
			buildActionMask = 2147483647;
			files = (
				C7DCDEE1235F704400C7FDAF /* LaunchScreen.storyboard in Resources */,
				C7DCDEDE235F704400C7FDAF /* Assets.xcassets in Resources */,
				C7DCDEDC235F704300C7FDAF /* Main.storyboard in Resources */,
			);
			runOnlyForDeploymentPostprocessing = 0;
		};
/* End PBXResourcesBuildPhase section */

/* Begin PBXSourcesBuildPhase section */
		C7DCDECF235F704300C7FDAF /* Sources */ = {
			isa = PBXSourcesBuildPhase;
			buildActionMask = 2147483647;
			files = (
				C7DCDED9235F704300C7FDAF /* ViewController.swift in Sources */,
				C7DCDEE9235F742D00C7FDAF /* Adivino.swift in Sources */,
				C7DCDED7235F704300C7FDAF /* AppDelegate.swift in Sources */,
			);
			runOnlyForDeploymentPostprocessing = 0;
		};
/* End PBXSourcesBuildPhase section */

/* Begin PBXVariantGroup section */
		C7DCDEDA235F704300C7FDAF /* Main.storyboard */ = {
			isa = PBXVariantGroup;
			children = (
				C7DCDEDB235F704300C7FDAF /* Base */,
			);
			name = Main.storyboard;
			sourceTree = "<group>";
		};
		C7DCDEDF235F704400C7FDAF /* LaunchScreen.storyboard */ = {
			isa = PBXVariantGroup;
			children = (
				C7DCDEE0235F704400C7FDAF /* Base */,
			);
			name = LaunchScreen.storyboard;
			sourceTree = "<group>";
		};
/* End PBXVariantGroup section */

/* Begin XCBuildConfiguration section */
		C7DCDEE3235F704400C7FDAF /* Debug */ = {
			isa = XCBuildConfiguration;
			buildSettings = {
				ALWAYS_SEARCH_USER_PATHS = NO;
				CLANG_ANALYZER_NONNULL = YES;
				CLANG_ANALYZER_NUMBER_OBJECT_CONVERSION = YES_AGGRESSIVE;
				CLANG_CXX_LANGUAGE_STANDARD = "gnu++14";
				CLANG_CXX_LIBRARY = "libc++";
				CLANG_ENABLE_MODULES = YES;
				CLANG_ENABLE_OBJC_ARC = YES;
				CLANG_ENABLE_OBJC_WEAK = YES;
				CLANG_WARN_BLOCK_CAPTURE_AUTORELEASING = YES;
				CLANG_WARN_BOOL_CONVERSION = YES;
				CLANG_WARN_COMMA = YES;
				CLANG_WARN_CONSTANT_CONVERSION = YES;
				CLANG_WARN_DEPRECATED_OBJC_IMPLEMENTATIONS = YES;
				CLANG_WARN_DIRECT_OBJC_ISA_USAGE = YES_ERROR;
				CLANG_WARN_DOCUMENTATION_COMMENTS = YES;
				CLANG_WARN_EMPTY_BODY = YES;
				CLANG_WARN_ENUM_CONVERSION = YES;
				CLANG_WARN_INFINITE_RECURSION = YES;
				CLANG_WARN_INT_CONVERSION = YES;
				CLANG_WARN_NON_LITERAL_NULL_CONVERSION = YES;
				CLANG_WARN_OBJC_IMPLICIT_RETAIN_SELF = YES;
				CLANG_WARN_OBJC_LITERAL_CONVERSION = YES;
				CLANG_WARN_OBJC_ROOT_CLASS = YES_ERROR;
				CLANG_WARN_RANGE_LOOP_ANALYSIS = YES;
				CLANG_WARN_STRICT_PROTOTYPES = YES;
				CLANG_WARN_SUSPICIOUS_MOVE = YES;
				CLANG_WARN_UNGUARDED_AVAILABILITY = YES_AGGRESSIVE;
				CLANG_WARN_UNREACHABLE_CODE = YES;
				CLANG_WARN__DUPLICATE_METHOD_MATCH = YES;
				CODE_SIGN_IDENTITY = "iPhone Developer";
				COPY_PHASE_STRIP = NO;
				DEBUG_INFORMATION_FORMAT = dwarf;
				ENABLE_STRICT_OBJC_MSGSEND = YES;
				ENABLE_TESTABILITY = YES;
				GCC_C_LANGUAGE_STANDARD = gnu11;
				GCC_DYNAMIC_NO_PIC = NO;
				GCC_NO_COMMON_BLOCKS = YES;
				GCC_OPTIMIZATION_LEVEL = 0;
				GCC_PREPROCESSOR_DEFINITIONS = (
					"DEBUG=1",
					"$(inherited)",
				);
				GCC_WARN_64_TO_32_BIT_CONVERSION = YES;
				GCC_WARN_ABOUT_RETURN_TYPE = YES_ERROR;
				GCC_WARN_UNDECLARED_SELECTOR = YES;
				GCC_WARN_UNINITIALIZED_AUTOS = YES_AGGRESSIVE;
				GCC_WARN_UNUSED_FUNCTION = YES;
				GCC_WARN_UNUSED_VARIABLE = YES;
				IPHONEOS_DEPLOYMENT_TARGET = 12.4;
				MTL_ENABLE_DEBUG_INFO = INCLUDE_SOURCE;
				MTL_FAST_MATH = YES;
				ONLY_ACTIVE_ARCH = YES;
				SDKROOT = iphoneos;
				SWIFT_ACTIVE_COMPILATION_CONDITIONS = DEBUG;
				SWIFT_OPTIMIZATION_LEVEL = "-Onone";
			};
			name = Debug;
		};
		C7DCDEE4235F704400C7FDAF /* Release */ = {
			isa = XCBuildConfiguration;
			buildSettings = {
				ALWAYS_SEARCH_USER_PATHS = NO;
				CLANG_ANALYZER_NONNULL = YES;
				CLANG_ANALYZER_NUMBER_OBJECT_CONVERSION = YES_AGGRESSIVE;
				CLANG_CXX_LANGUAGE_STANDARD = "gnu++14";
				CLANG_CXX_LIBRARY = "libc++";
				CLANG_ENABLE_MODULES = YES;
				CLANG_ENABLE_OBJC_ARC = YES;
				CLANG_ENABLE_OBJC_WEAK = YES;
				CLANG_WARN_BLOCK_CAPTURE_AUTORELEASING = YES;
				CLANG_WARN_BOOL_CONVERSION = YES;
				CLANG_WARN_COMMA = YES;
				CLANG_WARN_CONSTANT_CONVERSION = YES;
				CLANG_WARN_DEPRECATED_OBJC_IMPLEMENTATIONS = YES;
				CLANG_WARN_DIRECT_OBJC_ISA_USAGE = YES_ERROR;
				CLANG_WARN_DOCUMENTATION_COMMENTS = YES;
				CLANG_WARN_EMPTY_BODY = YES;
				CLANG_WARN_ENUM_CONVERSION = YES;
				CLANG_WARN_INFINITE_RECURSION = YES;
				CLANG_WARN_INT_CONVERSION = YES;
				CLANG_WARN_NON_LITERAL_NULL_CONVERSION = YES;
				CLANG_WARN_OBJC_IMPLICIT_RETAIN_SELF = YES;
				CLANG_WARN_OBJC_LITERAL_CONVERSION = YES;
				CLANG_WARN_OBJC_ROOT_CLASS = YES_ERROR;
				CLANG_WARN_RANGE_LOOP_ANALYSIS = YES;
				CLANG_WARN_STRICT_PROTOTYPES = YES;
				CLANG_WARN_SUSPICIOUS_MOVE = YES;
				CLANG_WARN_UNGUARDED_AVAILABILITY = YES_AGGRESSIVE;
				CLANG_WARN_UNREACHABLE_CODE = YES;
				CLANG_WARN__DUPLICATE_METHOD_MATCH = YES;
				CODE_SIGN_IDENTITY = "iPhone Developer";
				COPY_PHASE_STRIP = NO;
				DEBUG_INFORMATION_FORMAT = "dwarf-with-dsym";
				ENABLE_NS_ASSERTIONS = NO;
				ENABLE_STRICT_OBJC_MSGSEND = YES;
				GCC_C_LANGUAGE_STANDARD = gnu11;
				GCC_NO_COMMON_BLOCKS = YES;
				GCC_WARN_64_TO_32_BIT_CONVERSION = YES;
				GCC_WARN_ABOUT_RETURN_TYPE = YES_ERROR;
				GCC_WARN_UNDECLARED_SELECTOR = YES;
				GCC_WARN_UNINITIALIZED_AUTOS = YES_AGGRESSIVE;
				GCC_WARN_UNUSED_FUNCTION = YES;
				GCC_WARN_UNUSED_VARIABLE = YES;
				IPHONEOS_DEPLOYMENT_TARGET = 12.4;
				MTL_ENABLE_DEBUG_INFO = NO;
				MTL_FAST_MATH = YES;
				SDKROOT = iphoneos;
				SWIFT_COMPILATION_MODE = wholemodule;
				SWIFT_OPTIMIZATION_LEVEL = "-O";
				VALIDATE_PRODUCT = YES;
			};
			name = Release;
		};
		C7DCDEE6235F704400C7FDAF /* Debug */ = {
			isa = XCBuildConfiguration;
			buildSettings = {
				ASSETCATALOG_COMPILER_APPICON_NAME = AppIcon;
				CODE_SIGN_STYLE = Automatic;
				INFOPLIST_FILE = UAdivino/Info.plist;
				LD_RUNPATH_SEARCH_PATHS = (
					"$(inherited)",
					"@executable_path/Frameworks",
				);
				PRODUCT_BUNDLE_IDENTIFIER = UA.UAdivino;
				PRODUCT_NAME = "$(TARGET_NAME)";
				SWIFT_VERSION = 5.0;
				TARGETED_DEVICE_FAMILY = "1,2";
			};
			name = Debug;
		};
		C7DCDEE7235F704400C7FDAF /* Release */ = {
			isa = XCBuildConfiguration;
			buildSettings = {
				ASSETCATALOG_COMPILER_APPICON_NAME = AppIcon;
				CODE_SIGN_STYLE = Automatic;
				INFOPLIST_FILE = UAdivino/Info.plist;
				LD_RUNPATH_SEARCH_PATHS = (
					"$(inherited)",
					"@executable_path/Frameworks",
				);
				PRODUCT_BUNDLE_IDENTIFIER = UA.UAdivino;
				PRODUCT_NAME = "$(TARGET_NAME)";
				SWIFT_VERSION = 5.0;
				TARGETED_DEVICE_FAMILY = "1,2";
			};
			name = Release;
		};
/* End XCBuildConfiguration section */

/* Begin XCConfigurationList section */
		C7DCDECE235F704300C7FDAF /* Build configuration list for PBXProject "UAdivino" */ = {
			isa = XCConfigurationList;
			buildConfigurations = (
				C7DCDEE3235F704400C7FDAF /* Debug */,
				C7DCDEE4235F704400C7FDAF /* Release */,
			);
			defaultConfigurationIsVisible = 0;
			defaultConfigurationName = Release;
		};
		C7DCDEE5235F704400C7FDAF /* Build configuration list for PBXNativeTarget "UAdivino" */ = {
			isa = XCConfigurationList;
			buildConfigurations = (
				C7DCDEE6235F704400C7FDAF /* Debug */,
				C7DCDEE7235F704400C7FDAF /* Release */,
			);
			defaultConfigurationIsVisible = 0;
			defaultConfigurationName = Release;
		};
/* End XCConfigurationList section */
	};
	rootObject = C7DCDECB235F704300C7FDAF /* Project object */;
}
